// !$*UTF8*$!
{
	archiveVersion = 1;
	classes = {
	};
	objectVersion = 50;
	objects = {

/* Begin PBXBuildFile section */
		9E81F9BC24AF43C700044374 /* AppDelegate.swift in Sources */ = {isa = PBXBuildFile; fileRef = 9E81F9BB24AF43C700044374 /* AppDelegate.swift */; };
		9E81F9BE24AF43C700044374 /* ViewController.swift in Sources */ = {isa = PBXBuildFile; fileRef = 9E81F9BD24AF43C700044374 /* ViewController.swift */; };
		9E81F9C124AF43C700044374 /* Main.storyboard in Resources */ = {isa = PBXBuildFile; fileRef = 9E81F9BF24AF43C700044374 /* Main.storyboard */; };
		9E81F9C424AF43C700044374 /* newFORM.xcdatamodeld in Sources */ = {isa = PBXBuildFile; fileRef = 9E81F9C224AF43C700044374 /* newFORM.xcdatamodeld */; };
		9E81F9C624AF43DB00044374 /* Assets.xcassets in Resources */ = {isa = PBXBuildFile; fileRef = 9E81F9C524AF43DB00044374 /* Assets.xcassets */; };
		9E81F9C924AF43DB00044374 /* LaunchScreen.storyboard in Resources */ = {isa = PBXBuildFile; fileRef = 9E81F9C724AF43DB00044374 /* LaunchScreen.storyboard */; };
/* End PBXBuildFile section */

/* Begin PBXFileReference section */
		9E81F9B824AF43C700044374 /* newFORM.app */ = {isa = PBXFileReference; explicitFileType = wrapper.application; includeInIndex = 0; path = newFORM.app; sourceTree = BUILT_PRODUCTS_DIR; };
		9E81F9BB24AF43C700044374 /* AppDelegate.swift */ = {isa = PBXFileReference; lastKnownFileType = sourcecode.swift; path = AppDelegate.swift; sourceTree = "<group>"; };
		9E81F9BD24AF43C700044374 /* ViewController.swift */ = {isa = PBXFileReference; lastKnownFileType = sourcecode.swift; path = ViewController.swift; sourceTree = "<group>"; };
		9E81F9C024AF43C700044374 /* Base */ = {isa = PBXFileReference; lastKnownFileType = file.storyboard; name = Base; path = Base.lproj/Main.storyboard; sourceTree = "<group>"; };
		9E81F9C324AF43C700044374 /* newFORM.xcdatamodel */ = {isa = PBXFileReference; lastKnownFileType = wrapper.xcdatamodel; path = newFORM.xcdatamodel; sourceTree = "<group>"; };
		9E81F9C524AF43DB00044374 /* Assets.xcassets */ = {isa = PBXFileReference; lastKnownFileType = folder.assetcatalog; path = Assets.xcassets; sourceTree = "<group>"; };
		9E81F9C824AF43DB00044374 /* Base */ = {isa = PBXFileReference; lastKnownFileType = file.storyboard; name = Base; path = Base.lproj/LaunchScreen.storyboard; sourceTree = "<group>"; };
		9E81F9CA24AF43DB00044374 /* Info.plist */ = {isa = PBXFileReference; lastKnownFileType = text.plist.xml; path = Info.plist; sourceTree = "<group>"; };
/* End PBXFileReference section */

/* Begin PBXFrameworksBuildPhase section */
		9E81F9B524AF43C700044374 /* Frameworks */ = {
			isa = PBXFrameworksBuildPhase;
			buildActionMask = 2147483647;
			files = (
			);
			runOnlyForDeploymentPostprocessing = 0;
		};
/* End PBXFrameworksBuildPhase section */

/* Begin PBXGroup section */
		9E81F9AF24AF43C600044374 = {
			isa = PBXGroup;
			children = (
				9E81F9BA24AF43C700044374 /* newFORM */,
				9E81F9B924AF43C700044374 /* Products */,
			);
			sourceTree = "<group>";
		};
		9E81F9B924AF43C700044374 /* Products */ = {
			isa = PBXGroup;
			children = (
				9E81F9B824AF43C700044374 /* newFORM.app */,
			);
			name = Products;
			sourceTree = "<group>";
		};
		9E81F9BA24AF43C700044374 /* newFORM */ = {
			isa = PBXGroup;
			children = (
				9E81F9BB24AF43C700044374 /* AppDelegate.swift */,
				9E81F9BD24AF43C700044374 /* ViewController.swift */,
				9E81F9BF24AF43C700044374 /* Main.storyboard */,
				9E81F9C524AF43DB00044374 /* Assets.xcassets */,
				9E81F9C724AF43DB00044374 /* LaunchScreen.storyboard */,
				9E81F9CA24AF43DB00044374 /* Info.plist */,
				9E81F9C224AF43C700044374 /* newFORM.xcdatamodeld */,
			);
			path = newFORM;
			sourceTree = "<group>";
		};
/* End PBXGroup section */

/* Begin PBXNativeTarget section */
		9E81F9B724AF43C700044374 /* newFORM */ = {
			isa = PBXNativeTarget;
			buildConfigurationList = 9E81F9CD24AF43DB00044374 /* Build configuration list for PBXNativeTarget "newFORM" */;
			buildPhases = (
				9E81F9B424AF43C700044374 /* Sources */,
				9E81F9B524AF43C700044374 /* Frameworks */,
				9E81F9B624AF43C700044374 /* Resources */,
			);
			buildRules = (
			);
			dependencies = (
			);
			name = newFORM;
			productName = newFORM;
			productReference = 9E81F9B824AF43C700044374 /* newFORM.app */;
			productType = "com.apple.product-type.application";
		};
/* End PBXNativeTarget section */

/* Begin PBXProject section */
		9E81F9B024AF43C700044374 /* Project object */ = {
			isa = PBXProject;
			attributes = {
				LastSwiftUpdateCheck = 1030;
				LastUpgradeCheck = 1030;
				ORGANIZATIONNAME = "Tonywilson Jesuraj";
				TargetAttributes = {
					9E81F9B724AF43C700044374 = {
						CreatedOnToolsVersion = 10.3;
					};
				};
			};
			buildConfigurationList = 9E81F9B324AF43C700044374 /* Build configuration list for PBXProject "newFORM" */;
			compatibilityVersion = "Xcode 9.3";
			developmentRegion = en;
			hasScannedForEncodings = 0;
			knownRegions = (
				en,
				Base,
			);
			mainGroup = 9E81F9AF24AF43C600044374;
			productRefGroup = 9E81F9B924AF43C700044374 /* Products */;
			projectDirPath = "";
			projectRoot = "";
			targets = (
				9E81F9B724AF43C700044374 /* newFORM */,
			);
		};
/* End PBXProject section */

/* Begin PBXResourcesBuildPhase section */
		9E81F9B624AF43C700044374 /* Resources */ = {
			isa = PBXResourcesBuildPhase;
			buildActionMask = 2147483647;
			files = (
				9E81F9C924AF43DB00044374 /* LaunchScreen.storyboard in Resources */,
				9E81F9C624AF43DB00044374 /* Assets.xcassets in Resources */,
				9E81F9C124AF43C700044374 /* Main.storyboard in Resources */,
			);
			runOnlyForDeploymentPostprocessing = 0;
		};
/* End PBXResourcesBuildPhase section */

/* Begin PBXSourcesBuildPhase section */
		9E81F9B424AF43C700044374 /* Sources */ = {
			isa = PBXSourcesBuildPhase;
			buildActionMask = 2147483647;
			files = (
				9E81F9BE24AF43C700044374 /* ViewController.swift in Sources */,
				9E81F9BC24AF43C700044374 /* AppDelegate.swift in Sources */,
				9E81F9C424AF43C700044374 /* newFORM.xcdatamodeld in Sources */,
			);
			runOnlyForDeploymentPostprocessing = 0;
		};
/* End PBXSourcesBuildPhase section */

/* Begin PBXVariantGroup section */
		9E81F9BF24AF43C700044374 /* Main.storyboard */ = {
			isa = PBXVariantGroup;
			children = (
				9E81F9C024AF43C700044374 /* Base */,
			);
			name = Main.storyboard;
			sourceTree = "<group>";
		};
		9E81F9C724AF43DB00044374 /* LaunchScreen.storyboard */ = {
			isa = PBXVariantGroup;
			children = (
				9E81F9C824AF43DB00044374 /* Base */,
			);
			name = LaunchScreen.storyboard;
			sourceTree = "<group>";
		};
/* End PBXVariantGroup section */

/* Begin XCBuildConfiguration section */
		9E81F9CB24AF43DB00044374 /* Debug */ = {
			isa = XCBuildConfiguration;
			buildSettings = {
				ALWAYS_SEARCH_USER_PATHS = NO;
				CLANG_ANALYZER_NONNULL = YES;
				CLANG_ANALYZER_NUMBER_OBJECT_CONVERSION = YES_AGGRESSIVE;
				CLANG_CXX_LANGUAGE_STANDARD = "gnu++14";
				CLANG_CXX_LIBRARY = "libc++";
				CLANG_ENABLE_MODULES = YES;
				CLANG_ENABLE_OBJC_ARC = YES;
				CLANG_ENABLE_OBJC_WEAK = YES;
				CLANG_WARN_BLOCK_CAPTURE_AUTORELEASING = YES;
				CLANG_WARN_BOOL_CONVERSION = YES;
				CLANG_WARN_COMMA = YES;
				CLANG_WARN_CONSTANT_CONVERSION = YES;
				CLANG_WARN_DEPRECATED_OBJC_IMPLEMENTATIONS = YES;
				CLANG_WARN_DIRECT_OBJC_ISA_USAGE = YES_ERROR;
				CLANG_WARN_DOCUMENTATION_COMMENTS = YES;
				CLANG_WARN_EMPTY_BODY = YES;
				CLANG_WARN_ENUM_CONVERSION = YES;
				CLANG_WARN_INFINITE_RECURSION = YES;
				CLANG_WARN_INT_CONVERSION = YES;
				CLANG_WARN_NON_LITERAL_NULL_CONVERSION = YES;
				CLANG_WARN_OBJC_IMPLICIT_RETAIN_SELF = YES;
				CLANG_WARN_OBJC_LITERAL_CONVERSION = YES;
				CLANG_WARN_OBJC_ROOT_CLASS = YES_ERROR;
				CLANG_WARN_RANGE_LOOP_ANALYSIS = YES;
				CLANG_WARN_STRICT_PROTOTYPES = YES;
				CLANG_WARN_SUSPICIOUS_MOVE = YES;
				CLANG_WARN_UNGUARDED_AVAILABILITY = YES_AGGRESSIVE;
				CLANG_WARN_UNREACHABLE_CODE = YES;
				CLANG_WARN__DUPLICATE_METHOD_MATCH = YES;
				CODE_SIGN_IDENTITY = "iPhone Developer";
				COPY_PHASE_STRIP = NO;
				DEBUG_INFORMATION_FORMAT = dwarf;
				ENABLE_STRICT_OBJC_MSGSEND = YES;
				ENABLE_TESTABILITY = YES;
				GCC_C_LANGUAGE_STANDARD = gnu11;
				GCC_DYNAMIC_NO_PIC = NO;
				GCC_NO_COMMON_BLOCKS = YES;
				GCC_OPTIMIZATION_LEVEL = 0;
				GCC_PREPROCESSOR_DEFINITIONS = (
					"DEBUG=1",
					"$(inherited)",
				);
				GCC_WARN_64_TO_32_BIT_CONVERSION = YES;
				GCC_WARN_ABOUT_RETURN_TYPE = YES_ERROR;
				GCC_WARN_UNDECLARED_SELECTOR = YES;
				GCC_WARN_UNINITIALIZED_AUTOS = YES_AGGRESSIVE;
				GCC_WARN_UNUSED_FUNCTION = YES;
				GCC_WARN_UNUSED_VARIABLE = YES;
				IPHONEOS_DEPLOYMENT_TARGET = 12.4;
				MTL_ENABLE_DEBUG_INFO = INCLUDE_SOURCE;
				MTL_FAST_MATH = YES;
				ONLY_ACTIVE_ARCH = YES;
				SDKROOT = iphoneos;
				SWIFT_ACTIVE_COMPILATION_CONDITIONS = DEBUG;
				SWIFT_OPTIMIZATION_LEVEL = "-Onone";
			};
			name = Debug;
		};
		9E81F9CC24AF43DB00044374 /* Release */ = {
			isa = XCBuildConfiguration;
			buildSettings = {
				ALWAYS_SEARCH_USER_PATHS = NO;
				CLANG_ANALYZER_NONNULL = YES;
				CLANG_ANALYZER_NUMBER_OBJECT_CONVERSION = YES_AGGRESSIVE;
				CLANG_CXX_LANGUAGE_STANDARD = "gnu++14";
				CLANG_CXX_LIBRARY = "libc++";
				CLANG_ENABLE_MODULES = YES;
				CLANG_ENABLE_OBJC_ARC = YES;
				CLANG_ENABLE_OBJC_WEAK = YES;
				CLANG_WARN_BLOCK_CAPTURE_AUTORELEASING = YES;
				CLANG_WARN_BOOL_CONVERSION = YES;
				CLANG_WARN_COMMA = YES;
				CLANG_WARN_CONSTANT_CONVERSION = YES;
				CLANG_WARN_DEPRECATED_OBJC_IMPLEMENTATIONS = YES;
				CLANG_WARN_DIRECT_OBJC_ISA_USAGE = YES_ERROR;
				CLANG_WARN_DOCUMENTATION_COMMENTS = YES;
				CLANG_WARN_EMPTY_BODY = YES;
				CLANG_WARN_ENUM_CONVERSION = YES;
				CLANG_WARN_INFINITE_RECURSION = YES;
				CLANG_WARN_INT_CONVERSION = YES;
				CLANG_WARN_NON_LITERAL_NULL_CONVERSION = YES;
				CLANG_WARN_OBJC_IMPLICIT_RETAIN_SELF = YES;
				CLANG_WARN_OBJC_LITERAL_CONVERSION = YES;
				CLANG_WARN_OBJC_ROOT_CLASS = YES_ERROR;
				CLANG_WARN_RANGE_LOOP_ANALYSIS = YES;
				CLANG_WARN_STRICT_PROTOTYPES = YES;
				CLANG_WARN_SUSPICIOUS_MOVE = YES;
				CLANG_WARN_UNGUARDED_AVAILABILITY = YES_AGGRESSIVE;
				CLANG_WARN_UNREACHABLE_CODE = YES;
				CLANG_WARN__DUPLICATE_METHOD_MATCH = YES;
				CODE_SIGN_IDENTITY = "iPhone Developer";
				COPY_PHASE_STRIP = NO;
				DEBUG_INFORMATION_FORMAT = "dwarf-with-dsym";
				ENABLE_NS_ASSERTIONS = NO;
				ENABLE_STRICT_OBJC_MSGSEND = YES;
				GCC_C_LANGUAGE_STANDARD = gnu11;
				GCC_NO_COMMON_BLOCKS = YES;
				GCC_WARN_64_TO_32_BIT_CONVERSION = YES;
				GCC_WARN_ABOUT_RETURN_TYPE = YES_ERROR;
				GCC_WARN_UNDECLARED_SELECTOR = YES;
				GCC_WARN_UNINITIALIZED_AUTOS = YES_AGGRESSIVE;
				GCC_WARN_UNUSED_FUNCTION = YES;
				GCC_WARN_UNUSED_VARIABLE = YES;
				IPHONEOS_DEPLOYMENT_TARGET = 12.4;
				MTL_ENABLE_DEBUG_INFO = NO;
				MTL_FAST_MATH = YES;
				SDKROOT = iphoneos;
				SWIFT_COMPILATION_MODE = wholemodule;
				SWIFT_OPTIMIZATION_LEVEL = "-O";
				VALIDATE_PRODUCT = YES;
			};
			name = Release;
		};
		9E81F9CE24AF43DB00044374 /* Debug */ = {
			isa = XCBuildConfiguration;
			buildSettings = {
				ASSETCATALOG_COMPILER_APPICON_NAME = AppIcon;
				CODE_SIGN_STYLE = Automatic;
				INFOPLIST_FILE = newFORM/Info.plist;
				LD_RUNPATH_SEARCH_PATHS = (
					"$(inherited)",
					"@executable_path/Frameworks",
				);
				PRODUCT_BUNDLE_IDENTIFIER = tech.newFORM;
				PRODUCT_NAME = "$(TARGET_NAME)";
				SWIFT_VERSION = 5.0;
				TARGETED_DEVICE_FAMILY = "1,2";
			};
			name = Debug;
		};
		9E81F9CF24AF43DB00044374 /* Release */ = {
			isa = XCBuildConfiguration;
			buildSettings = {
				ASSETCATALOG_COMPILER_APPICON_NAME = AppIcon;
				CODE_SIGN_STYLE = Automatic;
				INFOPLIST_FILE = newFORM/Info.plist;
				LD_RUNPATH_SEARCH_PATHS = (
					"$(inherited)",
					"@executable_path/Frameworks",
				);
				PRODUCT_BUNDLE_IDENTIFIER = tech.newFORM;
				PRODUCT_NAME = "$(TARGET_NAME)";
				SWIFT_VERSION = 5.0;
				TARGETED_DEVICE_FAMILY = "1,2";
			};
			name = Release;
		};
/* End XCBuildConfiguration section */

/* Begin XCConfigurationList section */
		9E81F9B324AF43C700044374 /* Build configuration list for PBXProject "newFORM" */ = {
			isa = XCConfigurationList;
			buildConfigurations = (
				9E81F9CB24AF43DB00044374 /* Debug */,
				9E81F9CC24AF43DB00044374 /* Release */,
			);
			defaultConfigurationIsVisible = 0;
			defaultConfigurationName = Release;
		};
		9E81F9CD24AF43DB00044374 /* Build configuration list for PBXNativeTarget "newFORM" */ = {
			isa = XCConfigurationList;
			buildConfigurations = (
				9E81F9CE24AF43DB00044374 /* Debug */,
				9E81F9CF24AF43DB00044374 /* Release */,
			);
			defaultConfigurationIsVisible = 0;
			defaultConfigurationName = Release;
		};
/* End XCConfigurationList section */

/* Begin XCVersionGroup section */
		9E81F9C224AF43C700044374 /* newFORM.xcdatamodeld */ = {
			isa = XCVersionGroup;
			children = (
				9E81F9C324AF43C700044374 /* newFORM.xcdatamodel */,
			);
			currentVersion = 9E81F9C324AF43C700044374 /* newFORM.xcdatamodel */;
			path = newFORM.xcdatamodeld;
			sourceTree = "<group>";
			versionGroupType = wrapper.xcdatamodel;
		};
/* End XCVersionGroup section */
	};
	rootObject = 9E81F9B024AF43C700044374 /* Project object */;
}
